
Microsoft Visual Studio Solution File, Format Version 12.00
# Visual Studio 15
VisualStudioVersion = 15.0.27428.2037
MinimumVisualStudioVersion = 10.0.40219.1
Project("{2150E333-8FDC-42A3-9474-1A3956D46DE8}") = "Solution Items", "Solution Items", "{82BB43A9-04F9-4B3A-A731-9353B0AAEF78}"
	ProjectSection(SolutionItems) = preProject
		.editorconfig = .editorconfig
		.gitattributes = .gitattributes
		.gitignore = .gitignore
		appveyor.yml = appveyor.yml
		CodeMaid.config = CodeMaid.config
		GitVersion.yaml = GitVersion.yaml
		license.md = license.md
		readme.md = readme.md
		SharedAssemblyInfo.props = SharedAssemblyInfo.props
		Strict.ruleset = Strict.ruleset
		stylecop.json = stylecop.json
		Tests.ruleset = Tests.ruleset
	EndProjectSection
EndProject
Project("{9A19103F-16F7-4668-BE54-9A1E7A4F7556}") = "KnowledgeInterchangeFormat", "KnowledgeInterchangeFormat\KnowledgeInterchangeFormat.csproj", "{89F5BA66-48F4-4BB2-BA98-5C06931BCF4D}"
EndProject
Project("{9A19103F-16F7-4668-BE54-9A1E7A4F7556}") = "KnowledgeInterchangeFormat.Tests", "KnowledgeInterchangeFormat.Tests\KnowledgeInterchangeFormat.Tests.csproj", "{CE8A20AA-7E27-412F-A60E-D342A854C710}"
EndProject
Global
	GlobalSection(SolutionConfigurationPlatforms) = preSolution
		Debug|Any CPU = Debug|Any CPU
		Release|Any CPU = Release|Any CPU
	EndGlobalSection
	GlobalSection(ProjectConfigurationPlatforms) = postSolution
		{89F5BA66-48F4-4BB2-BA98-5C06931BCF4D}.Debug|Any CPU.ActiveCfg = Debug|Any CPU
		{89F5BA66-48F4-4BB2-BA98-5C06931BCF4D}.Debug|Any CPU.Build.0 = Debug|Any CPU
		{89F5BA66-48F4-4BB2-BA98-5C06931BCF4D}.Release|Any CPU.ActiveCfg = Release|Any CPU
		{89F5BA66-48F4-4BB2-BA98-5C06931BCF4D}.Release|Any CPU.Build.0 = Release|Any CPU
		{CE8A20AA-7E27-412F-A60E-D342A854C710}.Debug|Any CPU.ActiveCfg = Debug|Any CPU
		{CE8A20AA-7E27-412F-A60E-D342A854C710}.Debug|Any CPU.Build.0 = Debug|Any CPU
		{CE8A20AA-7E27-412F-A60E-D342A854C710}.Release|Any CPU.ActiveCfg = Release|Any CPU
		{CE8A20AA-7E27-412F-A60E-D342A854C710}.Release|Any CPU.Build.0 = Release|Any CPU
	EndGlobalSection
	GlobalSection(SolutionProperties) = preSolution
		HideSolutionNode = FALSE
	EndGlobalSection
	GlobalSection(ExtensibilityGlobals) = postSolution
		SolutionGuid = {4B8CF47D-CC56-46A8-BCFB-D8FA7CA02F74}
	EndGlobalSection
EndGlobal
